
Microsoft Visual Studio Solution File, Format Version 12.00
# Visual Studio Version 16
VisualStudioVersion = 16.0.31729.503
MinimumVisualStudioVersion = 10.0.40219.1
Project("{9A19103F-16F7-4668-BE54-9A1E7A4F7556}") = "Cwiczenie4", "Cwiczenie4\Cwiczenie4.csproj", "{F3F5E886-650F-41C0-BA0A-DB555723322B}"
EndProject
Project("{9A19103F-16F7-4668-BE54-9A1E7A4F7556}") = "Cwiczenie5", "Cwiczenie5\Cwiczenie5.csproj", "{6EC1669D-B602-4373-8F96-286D6D3F6712}"
EndProject
Project("{9A19103F-16F7-4668-BE54-9A1E7A4F7556}") = "Cwiczenie6", "Cwiczenie6\Cwiczenie6.csproj", "{71A3622C-C6E5-4632-86BB-80839BD918BB}"
EndProject
Project("{9A19103F-16F7-4668-BE54-9A1E7A4F7556}") = "Cwiczenie7", "Cwiczenie7\Cwiczenie7.csproj", "{7DC5B508-B3D5-4714-A855-649890B4F10F}"
EndProject
Project("{9A19103F-16F7-4668-BE54-9A1E7A4F7556}") = "Cwiczenie8,9", "Cwiczenie8\Cwiczenie8,9.csproj", "{70CAEBF5-507B-4DDB-A940-905FFB47022C}"
EndProject
Project("{9A19103F-16F7-4668-BE54-9A1E7A4F7556}") = "Cwiczenie10", "Cwiczenie10\Cwiczenie10.csproj", "{A3321F84-A889-4B22-B644-3AB8F6C1C0D2}"
EndProject
Project("{9A19103F-16F7-4668-BE54-9A1E7A4F7556}") = "Cwiczenie11", "Cwiczenie11\Cwiczenie11.csproj", "{1535E6D2-506F-44D8-B7A6-42131DB9EE9D}"
EndProject
Project("{9A19103F-16F7-4668-BE54-9A1E7A4F7556}") = "Cwiczenie12", "Cwiczenie12\Cwiczenie12.csproj", "{4694ECA8-6220-4679-921B-E908F2A8B88F}"
EndProject
Project("{9A19103F-16F7-4668-BE54-9A1E7A4F7556}") = "Cwiczenie13", "Cwiczenie13\Cwiczenie13.csproj", "{825F2B66-B5A0-40C2-8050-FD5807E5A139}"
EndProject
Project("{9A19103F-16F7-4668-BE54-9A1E7A4F7556}") = "Cwiczenie14", "Cwiczenie14\Cwiczenie14.csproj", "{3B92369A-AD1B-4A8C-AD76-BB861D9DC61F}"
EndProject
Project("{9A19103F-16F7-4668-BE54-9A1E7A4F7556}") = "Cwiczenie12p", "Cwiczenie11p\Cwiczenie12p.csproj", "{81E0782D-D0CB-412F-96A3-DFF812705CD1}"
EndProject
Project("{9A19103F-16F7-4668-BE54-9A1E7A4F7556}") = "Cwiczenie15", "Cwiczenie15\Cwiczenie15.csproj", "{062B8ADB-95EA-4F58-BCCA-7D871CEF4D95}"
EndProject
Project("{9A19103F-16F7-4668-BE54-9A1E7A4F7556}") = "Cwiczenie16", "Cwiczenie16\Cwiczenie16.csproj", "{2C84957E-A807-4581-B567-29FE9E598ABE}"
EndProject
Project("{9A19103F-16F7-4668-BE54-9A1E7A4F7556}") = "Cwiczenie17", "Cwiczenie17\Cwiczenie17.csproj", "{510632EF-2A80-4138-B66F-BDE1DD84053F}"
EndProject
Project("{9A19103F-16F7-4668-BE54-9A1E7A4F7556}") = "Cwiczenie18", "Czwiczenie18\Cwiczenie18.csproj", "{AE60F10F-DA72-46D9-A0E0-A12C6A901E7B}"
EndProject
Project("{9A19103F-16F7-4668-BE54-9A1E7A4F7556}") = "Cwiczenie19,20", "Cwiczenie19\Cwiczenie19,20.csproj", "{E2EA3F01-D97B-4F6F-A0DA-4E41DDC8C4E3}"
EndProject
Global
	GlobalSection(SolutionConfigurationPlatforms) = preSolution
		Debug|Any CPU = Debug|Any CPU
		Release|Any CPU = Release|Any CPU
	EndGlobalSection
	GlobalSection(ProjectConfigurationPlatforms) = postSolution
		{F3F5E886-650F-41C0-BA0A-DB555723322B}.Debug|Any CPU.ActiveCfg = Debug|Any CPU
		{F3F5E886-650F-41C0-BA0A-DB555723322B}.Debug|Any CPU.Build.0 = Debug|Any CPU
		{F3F5E886-650F-41C0-BA0A-DB555723322B}.Release|Any CPU.ActiveCfg = Release|Any CPU
		{F3F5E886-650F-41C0-BA0A-DB555723322B}.Release|Any CPU.Build.0 = Release|Any CPU
		{6EC1669D-B602-4373-8F96-286D6D3F6712}.Debug|Any CPU.ActiveCfg = Debug|Any CPU
		{6EC1669D-B602-4373-8F96-286D6D3F6712}.Debug|Any CPU.Build.0 = Debug|Any CPU
		{6EC1669D-B602-4373-8F96-286D6D3F6712}.Release|Any CPU.ActiveCfg = Release|Any CPU
		{6EC1669D-B602-4373-8F96-286D6D3F6712}.Release|Any CPU.Build.0 = Release|Any CPU
		{71A3622C-C6E5-4632-86BB-80839BD918BB}.Debug|Any CPU.ActiveCfg = Debug|Any CPU
		{71A3622C-C6E5-4632-86BB-80839BD918BB}.Debug|Any CPU.Build.0 = Debug|Any CPU
		{71A3622C-C6E5-4632-86BB-80839BD918BB}.Release|Any CPU.ActiveCfg = Release|Any CPU
		{71A3622C-C6E5-4632-86BB-80839BD918BB}.Release|Any CPU.Build.0 = Release|Any CPU
		{7DC5B508-B3D5-4714-A855-649890B4F10F}.Debug|Any CPU.ActiveCfg = Debug|Any CPU
		{7DC5B508-B3D5-4714-A855-649890B4F10F}.Debug|Any CPU.Build.0 = Debug|Any CPU
		{7DC5B508-B3D5-4714-A855-649890B4F10F}.Release|Any CPU.ActiveCfg = Release|Any CPU
		{7DC5B508-B3D5-4714-A855-649890B4F10F}.Release|Any CPU.Build.0 = Release|Any CPU
		{70CAEBF5-507B-4DDB-A940-905FFB47022C}.Debug|Any CPU.ActiveCfg = Debug|Any CPU
		{70CAEBF5-507B-4DDB-A940-905FFB47022C}.Debug|Any CPU.Build.0 = Debug|Any CPU
		{70CAEBF5-507B-4DDB-A940-905FFB47022C}.Release|Any CPU.ActiveCfg = Release|Any CPU
		{70CAEBF5-507B-4DDB-A940-905FFB47022C}.Release|Any CPU.Build.0 = Release|Any CPU
		{A3321F84-A889-4B22-B644-3AB8F6C1C0D2}.Debug|Any CPU.ActiveCfg = Debug|Any CPU
		{A3321F84-A889-4B22-B644-3AB8F6C1C0D2}.Debug|Any CPU.Build.0 = Debug|Any CPU
		{A3321F84-A889-4B22-B644-3AB8F6C1C0D2}.Release|Any CPU.ActiveCfg = Release|Any CPU
		{A3321F84-A889-4B22-B644-3AB8F6C1C0D2}.Release|Any CPU.Build.0 = Release|Any CPU
		{1535E6D2-506F-44D8-B7A6-42131DB9EE9D}.Debug|Any CPU.ActiveCfg = Debug|Any CPU
		{1535E6D2-506F-44D8-B7A6-42131DB9EE9D}.Debug|Any CPU.Build.0 = Debug|Any CPU
		{1535E6D2-506F-44D8-B7A6-42131DB9EE9D}.Release|Any CPU.ActiveCfg = Release|Any CPU
		{1535E6D2-506F-44D8-B7A6-42131DB9EE9D}.Release|Any CPU.Build.0 = Release|Any CPU
		{4694ECA8-6220-4679-921B-E908F2A8B88F}.Debug|Any CPU.ActiveCfg = Debug|Any CPU
		{4694ECA8-6220-4679-921B-E908F2A8B88F}.Debug|Any CPU.Build.0 = Debug|Any CPU
		{4694ECA8-6220-4679-921B-E908F2A8B88F}.Release|Any CPU.ActiveCfg = Release|Any CPU
		{4694ECA8-6220-4679-921B-E908F2A8B88F}.Release|Any CPU.Build.0 = Release|Any CPU
		{825F2B66-B5A0-40C2-8050-FD5807E5A139}.Debug|Any CPU.ActiveCfg = Debug|Any CPU
		{825F2B66-B5A0-40C2-8050-FD5807E5A139}.Debug|Any CPU.Build.0 = Debug|Any CPU
		{825F2B66-B5A0-40C2-8050-FD5807E5A139}.Release|Any CPU.ActiveCfg = Release|Any CPU
		{825F2B66-B5A0-40C2-8050-FD5807E5A139}.Release|Any CPU.Build.0 = Release|Any CPU
		{3B92369A-AD1B-4A8C-AD76-BB861D9DC61F}.Debug|Any CPU.ActiveCfg = Debug|Any CPU
		{3B92369A-AD1B-4A8C-AD76-BB861D9DC61F}.Debug|Any CPU.Build.0 = Debug|Any CPU
		{3B92369A-AD1B-4A8C-AD76-BB861D9DC61F}.Release|Any CPU.ActiveCfg = Release|Any CPU
		{3B92369A-AD1B-4A8C-AD76-BB861D9DC61F}.Release|Any CPU.Build.0 = Release|Any CPU
		{81E0782D-D0CB-412F-96A3-DFF812705CD1}.Debug|Any CPU.ActiveCfg = Debug|Any CPU
		{81E0782D-D0CB-412F-96A3-DFF812705CD1}.Debug|Any CPU.Build.0 = Debug|Any CPU
		{81E0782D-D0CB-412F-96A3-DFF812705CD1}.Release|Any CPU.ActiveCfg = Release|Any CPU
		{81E0782D-D0CB-412F-96A3-DFF812705CD1}.Release|Any CPU.Build.0 = Release|Any CPU
		{062B8ADB-95EA-4F58-BCCA-7D871CEF4D95}.Debug|Any CPU.ActiveCfg = Debug|Any CPU
		{062B8ADB-95EA-4F58-BCCA-7D871CEF4D95}.Debug|Any CPU.Build.0 = Debug|Any CPU
		{062B8ADB-95EA-4F58-BCCA-7D871CEF4D95}.Release|Any CPU.ActiveCfg = Release|Any CPU
		{062B8ADB-95EA-4F58-BCCA-7D871CEF4D95}.Release|Any CPU.Build.0 = Release|Any CPU
		{2C84957E-A807-4581-B567-29FE9E598ABE}.Debug|Any CPU.ActiveCfg = Debug|Any CPU
		{2C84957E-A807-4581-B567-29FE9E598ABE}.Debug|Any CPU.Build.0 = Debug|Any CPU
		{2C84957E-A807-4581-B567-29FE9E598ABE}.Release|Any CPU.ActiveCfg = Release|Any CPU
		{2C84957E-A807-4581-B567-29FE9E598ABE}.Release|Any CPU.Build.0 = Release|Any CPU
		{510632EF-2A80-4138-B66F-BDE1DD84053F}.Debug|Any CPU.ActiveCfg = Debug|Any CPU
		{510632EF-2A80-4138-B66F-BDE1DD84053F}.Debug|Any CPU.Build.0 = Debug|Any CPU
		{510632EF-2A80-4138-B66F-BDE1DD84053F}.Release|Any CPU.ActiveCfg = Release|Any CPU
		{510632EF-2A80-4138-B66F-BDE1DD84053F}.Release|Any CPU.Build.0 = Release|Any CPU
		{AE60F10F-DA72-46D9-A0E0-A12C6A901E7B}.Debug|Any CPU.ActiveCfg = Debug|Any CPU
		{AE60F10F-DA72-46D9-A0E0-A12C6A901E7B}.Debug|Any CPU.Build.0 = Debug|Any CPU
		{AE60F10F-DA72-46D9-A0E0-A12C6A901E7B}.Release|Any CPU.ActiveCfg = Release|Any CPU
		{AE60F10F-DA72-46D9-A0E0-A12C6A901E7B}.Release|Any CPU.Build.0 = Release|Any CPU
		{E2EA3F01-D97B-4F6F-A0DA-4E41DDC8C4E3}.Debug|Any CPU.ActiveCfg = Debug|Any CPU
		{E2EA3F01-D97B-4F6F-A0DA-4E41DDC8C4E3}.Debug|Any CPU.Build.0 = Debug|Any CPU
		{E2EA3F01-D97B-4F6F-A0DA-4E41DDC8C4E3}.Release|Any CPU.ActiveCfg = Release|Any CPU
		{E2EA3F01-D97B-4F6F-A0DA-4E41DDC8C4E3}.Release|Any CPU.Build.0 = Release|Any CPU
	EndGlobalSection
	GlobalSection(SolutionProperties) = preSolution
		HideSolutionNode = FALSE
	EndGlobalSection
	GlobalSection(ExtensibilityGlobals) = postSolution
		SolutionGuid = {6593DEB0-097A-455B-87A4-7A3CB8A2EAC9}
	EndGlobalSection
EndGlobal
